
Microsoft Visual Studio Solution File, Format Version 12.00
# Visual Studio Version 17
VisualStudioVersion = 17.14.36203.30 d17.14
MinimumVisualStudioVersion = 10.0.40219.1
Project("{888888A0-9F3D-457C-B088-3A5042F75D52}") = "Rework_APC_Implem", "Rework_APC_Implem.pyproj", "{C4E1EC6B-777B-4C8F-8BAA-EADFDA57C55C}"
EndProject
Global
	GlobalSection(SolutionConfigurationPlatforms) = preSolution
		Debug|Any CPU = Debug|Any CPU
		Release|Any CPU = Release|Any CPU
	EndGlobalSection
	GlobalSection(ProjectConfigurationPlatforms) = postSolution
		{C4E1EC6B-777B-4C8F-8BAA-EADFDA57C55C}.Debug|Any CPU.ActiveCfg = Debug|Any CPU
		{C4E1EC6B-777B-4C8F-8BAA-EADFDA57C55C}.Release|Any CPU.ActiveCfg = Release|Any CPU
	EndGlobalSection
	GlobalSection(SolutionProperties) = preSolution
		HideSolutionNode = FALSE
	EndGlobalSection
	GlobalSection(ExtensibilityGlobals) = postSolution
		SolutionGuid = {189CAF64-8EC8-4BED-B92A-22F215A516D9}
	EndGlobalSection
EndGlobal
