
Microsoft Visual Studio Solution File, Format Version 12.00
# Visual Studio Version 17
VisualStudioVersion = 17.12.35527.113 d17.12
MinimumVisualStudioVersion = 10.0.40219.1
Project("{888888A0-9F3D-457C-B088-3A5042F75D52}") = "Assignment3_Databases_Magliozzi_Anthony", "Assignment3_Databases_Magliozzi_Anthony.pyproj", "{C40AB668-923A-4CAD-B97D-92E63E481A22}"
EndProject
Global
	GlobalSection(SolutionConfigurationPlatforms) = preSolution
		Debug|Any CPU = Debug|Any CPU
		Release|Any CPU = Release|Any CPU
	EndGlobalSection
	GlobalSection(ProjectConfigurationPlatforms) = postSolution
		{C40AB668-923A-4CAD-B97D-92E63E481A22}.Debug|Any CPU.ActiveCfg = Debug|Any CPU
		{C40AB668-923A-4CAD-B97D-92E63E481A22}.Release|Any CPU.ActiveCfg = Release|Any CPU
	EndGlobalSection
	GlobalSection(SolutionProperties) = preSolution
		HideSolutionNode = FALSE
	EndGlobalSection
EndGlobal
